
Microsoft Visual Studio Solution File, Format Version 12.00
# Visual Studio 15
VisualStudioVersion = 15.0.27130.2020
MinimumVisualStudioVersion = 10.0.40219.1
Project("{8BC9CEB8-8B4A-11D0-8D11-00A0C91BC942}") = "快排", "快排\快排.vcxproj", "{56A34E04-E0A0-44EF-AAAC-BAC91887280E}"
EndProject
Global
	GlobalSection(SolutionConfigurationPlatforms) = preSolution
		Debug|x64 = Debug|x64
		Debug|x86 = Debug|x86
		Release|x64 = Release|x64
		Release|x86 = Release|x86
	EndGlobalSection
	GlobalSection(ProjectConfigurationPlatforms) = postSolution
		{56A34E04-E0A0-44EF-AAAC-BAC91887280E}.Debug|x64.ActiveCfg = Debug|x64
		{56A34E04-E0A0-44EF-AAAC-BAC91887280E}.Debug|x64.Build.0 = Debug|x64
		{56A34E04-E0A0-44EF-AAAC-BAC91887280E}.Debug|x86.ActiveCfg = Debug|Win32
		{56A34E04-E0A0-44EF-AAAC-BAC91887280E}.Debug|x86.Build.0 = Debug|Win32
		{56A34E04-E0A0-44EF-AAAC-BAC91887280E}.Release|x64.ActiveCfg = Release|x64
		{56A34E04-E0A0-44EF-AAAC-BAC91887280E}.Release|x64.Build.0 = Release|x64
		{56A34E04-E0A0-44EF-AAAC-BAC91887280E}.Release|x86.ActiveCfg = Release|Win32
		{56A34E04-E0A0-44EF-AAAC-BAC91887280E}.Release|x86.Build.0 = Release|Win32
	EndGlobalSection
	GlobalSection(SolutionProperties) = preSolution
		HideSolutionNode = FALSE
	EndGlobalSection
	GlobalSection(ExtensibilityGlobals) = postSolution
		SolutionGuid = {58E79D57-1000-44BD-9667-11B9C632AB1C}
	EndGlobalSection
EndGlobal
